
Microsoft Visual Studio Solution File, Format Version 12.00
# Visual Studio 15
VisualStudioVersion = 15.0.27703.2035
MinimumVisualStudioVersion = 10.0.40219.1
Project("{FAE04EC0-301F-11D3-BF4B-00C04F79EFBC}") = "FileDeletionLocker", "FileDeletionLocker\FileDeletionLocker.csproj", "{81A4B90E-8CE2-4C95-BC65-C6566642CC05}"
EndProject
Global
	GlobalSection(SolutionConfigurationPlatforms) = preSolution
		Debug|Any CPU = Debug|Any CPU
		Release|Any CPU = Release|Any CPU
	EndGlobalSection
	GlobalSection(ProjectConfigurationPlatforms) = postSolution
		{81A4B90E-8CE2-4C95-BC65-C6566642CC05}.Debug|Any CPU.ActiveCfg = Debug|Any CPU
		{81A4B90E-8CE2-4C95-BC65-C6566642CC05}.Debug|Any CPU.Build.0 = Debug|Any CPU
		{81A4B90E-8CE2-4C95-BC65-C6566642CC05}.Release|Any CPU.ActiveCfg = Release|Any CPU
		{81A4B90E-8CE2-4C95-BC65-C6566642CC05}.Release|Any CPU.Build.0 = Release|Any CPU
	EndGlobalSection
	GlobalSection(SolutionProperties) = preSolution
		HideSolutionNode = FALSE
	EndGlobalSection
	GlobalSection(ExtensibilityGlobals) = postSolution
		SolutionGuid = {35FC01BE-B1F7-41CD-B016-A902C2F99E35}
	EndGlobalSection
EndGlobal
